
Microsoft Visual Studio Solution File, Format Version 12.00
# Visual Studio Version 16
VisualStudioVersion = 16.0.31025.194
MinimumVisualStudioVersion = 10.0.40219.1
Project("{F184B08F-C81C-45F6-A57F-5ABD9991F28F}") = "Chopkins Project", "Chopkins Project\Chopkins Project.vbproj", "{FE82D370-3413-4930-AF4B-C4D666D403FB}"
EndProject
Global
	GlobalSection(SolutionConfigurationPlatforms) = preSolution
		Debug|Any CPU = Debug|Any CPU
		Release|Any CPU = Release|Any CPU
	EndGlobalSection
	GlobalSection(ProjectConfigurationPlatforms) = postSolution
		{FE82D370-3413-4930-AF4B-C4D666D403FB}.Debug|Any CPU.ActiveCfg = Debug|Any CPU
		{FE82D370-3413-4930-AF4B-C4D666D403FB}.Debug|Any CPU.Build.0 = Debug|Any CPU
		{FE82D370-3413-4930-AF4B-C4D666D403FB}.Release|Any CPU.ActiveCfg = Release|Any CPU
		{FE82D370-3413-4930-AF4B-C4D666D403FB}.Release|Any CPU.Build.0 = Release|Any CPU
	EndGlobalSection
	GlobalSection(SolutionProperties) = preSolution
		HideSolutionNode = FALSE
	EndGlobalSection
	GlobalSection(ExtensibilityGlobals) = postSolution
		SolutionGuid = {5D8C74C6-4ECF-485E-8195-3323FD66EDE4}
	EndGlobalSection
EndGlobal
